
Microsoft Visual Studio Solution File, Format Version 12.00
# Visual Studio Version 16
VisualStudioVersion = 16.0.28922.388
MinimumVisualStudioVersion = 10.0.40219.1
Project("{FAE04EC0-301F-11D3-BF4B-00C04F79EFBC}") = "HappierU", "HappierU.csproj", "{B4B7843E-364B-4612-9F44-E5EC50417F69}"
EndProject
Global
	GlobalSection(SolutionConfigurationPlatforms) = preSolution
		Debug|Any CPU = Debug|Any CPU
		Release|Any CPU = Release|Any CPU
	EndGlobalSection
	GlobalSection(ProjectConfigurationPlatforms) = postSolution
		{B4B7843E-364B-4612-9F44-E5EC50417F69}.Debug|Any CPU.ActiveCfg = Debug|Any CPU
		{B4B7843E-364B-4612-9F44-E5EC50417F69}.Debug|Any CPU.Build.0 = Debug|Any CPU
		{B4B7843E-364B-4612-9F44-E5EC50417F69}.Release|Any CPU.ActiveCfg = Release|Any CPU
		{B4B7843E-364B-4612-9F44-E5EC50417F69}.Release|Any CPU.Build.0 = Release|Any CPU
	EndGlobalSection
	GlobalSection(SolutionProperties) = preSolution
		HideSolutionNode = FALSE
	EndGlobalSection
	GlobalSection(ExtensibilityGlobals) = postSolution
		SolutionGuid = {CD5393AB-4919-4350-A5BB-878109F67AEB}
	EndGlobalSection
EndGlobal
